<?xml version="1.0" encoding="utf-8"?>
<Project ToolsVersion="4.0" xmlns="http://schemas.microsoft.com/developer/msbuild/2003">
  <ItemGroup>
    <Filter Include="Source Files">
      <UniqueIdentifier>{4FC737F1-C7A5-4376-A066-2A32D752A2FF}</UniqueIdentifier>
      <Extensions>cpp;c;cc;cxx;c++;cppm;ixx;def;odl;idl;hpj;bat;asm;asmx</Extensions>
    </Filter>
    <Filter Include="Header Files">
      <UniqueIdentifier>{93995380-89BD-4b04-88EB-625FBE52EBFB}</UniqueIdentifier>
      <Extensions>h;hh;hpp;hxx;h++;hm;inl;inc;ipp;xsd</Extensions>
    </Filter>
    <Filter Include="Resource Files">
      <UniqueIdentifier>{67DA6AB6-F800-4c08-8B7A-83BB121AAD01}</UniqueIdentifier>
      <Extensions>rc;ico;cur;bmp;dlg;rc2;rct;bin;rgs;gif;jpg;jpeg;jpe;resx;tiff;tif;png;wav;mfcribbon-ms</Extensions>
    </Filter>
    <Filter Include="Header Files\Token">
      <UniqueIdentifier>{c21af7da-9d12-4167-b4a7-86184e4e3dc6}</UniqueIdentifier>
    </Filter>
    <Filter Include="Source Files\Token">
      <UniqueIdentifier>{af5bd93b-7ead-4258-80b2-ad3be1db7ab6}</UniqueIdentifier>
    </Filter>
    <Filter Include="Header Files\Node">
      <UniqueIdentifier>{6cd9cb7a-9507-4dba-ac4f-4afa61974361}</UniqueIdentifier>
    </Filter>
    <Filter Include="Source Files\Node">
      <UniqueIdentifier>{2f9bc35f-296b-4f70-a16b-030cf7108161}</UniqueIdentifier>
    </Filter>
    <Filter Include="Header Files\methods">
      <UniqueIdentifier>{8289df58-aec7-4432-89b3-93d9f1e86f49}</UniqueIdentifier>
    </Filter>
    <Filter Include="Source Files\methods">
      <UniqueIdentifier>{dbe0a40d-2926-46a5-b9d2-6a4987c86a5a}</UniqueIdentifier>
    </Filter>
    <Filter Include="Header Files\Parser">
      <UniqueIdentifier>{21881858-2a90-4178-a852-3efdc73f03ff}</UniqueIdentifier>
    </Filter>
    <Filter Include="Source Files\Parser">
      <UniqueIdentifier>{a39f5d42-4487-43f1-b904-8e27c09503e9}</UniqueIdentifier>
    </Filter>
  </ItemGroup>
  <ItemGroup>
    <ClCompile Include="Main.cpp">
      <Filter>Source Files</Filter>
    </ClCompile>
    <ClCompile Include="KEYWORDS.cpp">
      <Filter>Source Files\Token</Filter>
    </ClCompile>
    <ClCompile Include="Node.cpp">
      <Filter>Source Files\Node</Filter>
    </ClCompile>
    <ClCompile Include="print_node.cpp">
      <Filter>Source Files\Node</Filter>
    </ClCompile>
    <ClCompile Include="TT.cpp">
      <Filter>Source Files\methods</Filter>
    </ClCompile>
    <ClCompile Include="FC.cpp">
      <Filter>Source Files\methods</Filter>
    </ClCompile>
    <ClCompile Include="BC.cpp">
      <Filter>Source Files\methods</Filter>
    </ClCompile>
    <ClCompile Include="DPLL.cpp">
      <Filter>Source Files\methods</Filter>
    </ClCompile>
    <ClCompile Include="Resolution.cpp">
      <Filter>Source Files\methods</Filter>
    </ClCompile>
    <ClCompile Include="Parser.cpp">
      <Filter>Source Files\Parser</Filter>
    </ClCompile>
    <ClCompile Include="Model.cpp">
      <Filter>Source Files\methods</Filter>
    </ClCompile>
    <ClCompile Include="HornClause.cpp">
      <Filter>Source Files\Parser</Filter>
    </ClCompile>
    <ClCompile Include="Literal.cpp">
      <Filter>Source Files\Parser</Filter>
    </ClCompile>
    <ClCompile Include="Clause.cpp">
      <Filter>Source Files\Parser</Filter>
    </ClCompile>
    <ClCompile Include="cnf.cpp">
      <Filter>Source Files\Parser</Filter>
    </ClCompile>
    <ClCompile Include="AST.cpp">
      <Filter>Source Files\Parser</Filter>
    </ClCompile>
  </ItemGroup>
  <ItemGroup>
    <ClInclude Include="TokenType.h">
      <Filter>Header Files\Token</Filter>
    </ClInclude>
    <ClInclude Include="KEYWORDS.h">
      <Filter>Header Files\Token</Filter>
    </ClInclude>
    <ClInclude Include="Token.h">
      <Filter>Header Files\Token</Filter>
    </ClInclude>
    <ClInclude Include="Node.h">
      <Filter>Header Files\Node</Filter>
    </ClInclude>
    <ClInclude Include="print_node.h">
      <Filter>Header Files\Node</Filter>
    </ClInclude>
    <ClInclude Include="FC.h">
      <Filter>Header Files\methods</Filter>
    </ClInclude>
    <ClInclude Include="TT.h">
      <Filter>Header Files\methods</Filter>
    </ClInclude>
    <ClInclude Include="BC.h">
      <Filter>Header Files\methods</Filter>
    </ClInclude>
    <ClInclude Include="DPLL.h">
      <Filter>Header Files\methods</Filter>
    </ClInclude>
    <ClInclude Include="Resolution.h">
      <Filter>Header Files\methods</Filter>
    </ClInclude>
    <ClInclude Include="Parser.h">
      <Filter>Header Files\Parser</Filter>
    </ClInclude>
    <ClInclude Include="IE.h">
      <Filter>Header Files\methods</Filter>
    </ClInclude>
    <ClInclude Include="Clause.h">
      <Filter>Header Files\Parser</Filter>
    </ClInclude>
    <ClInclude Include="HornClause.h">
      <Filter>Header Files\Parser</Filter>
    </ClInclude>
    <ClInclude Include="Literal.h">
      <Filter>Header Files\Parser</Filter>
    </ClInclude>
    <ClInclude Include="Model.h">
      <Filter>Header Files\methods</Filter>
    </ClInclude>
    <ClInclude Include="AST.h">
      <Filter>Header Files\Parser</Filter>
    </ClInclude>
    <ClInclude Include="cnf.h">
      <Filter>Header Files\Parser</Filter>
    </ClInclude>
  </ItemGroup>
</Project>